// !$*UTF8*$!
{
	archiveVersion = 1;
	classes = {
	};
	objectVersion = 50;
	objects = {

/* Begin PBXBuildFile section */
		E2020197240C30B900D08D57 /* HeroListTableViewController.swift in Sources */ = {isa = PBXBuildFile; fileRef = E2020196240C30B900D08D57 /* HeroListTableViewController.swift */; };
		E202019A240C32CF00D08D57 /* Hero.swift in Sources */ = {isa = PBXBuildFile; fileRef = E2020199240C32CF00D08D57 /* Hero.swift */; };
		E202019D240C4BC000D08D57 /* NetworkManager.swift in Sources */ = {isa = PBXBuildFile; fileRef = E202019C240C4BC000D08D57 /* NetworkManager.swift */; };
		E20201A0240D3F8300D08D57 /* HeroCellPrototype.swift in Sources */ = {isa = PBXBuildFile; fileRef = E202019F240D3F8300D08D57 /* HeroCellPrototype.swift */; };
		E2644F0C240C265500297865 /* AppDelegate.swift in Sources */ = {isa = PBXBuildFile; fileRef = E2644F0B240C265500297865 /* AppDelegate.swift */; };
		E2644F0E240C265500297865 /* SceneDelegate.swift in Sources */ = {isa = PBXBuildFile; fileRef = E2644F0D240C265500297865 /* SceneDelegate.swift */; };
		E2644F10240C265500297865 /* HeroInfoViewController.swift in Sources */ = {isa = PBXBuildFile; fileRef = E2644F0F240C265500297865 /* HeroInfoViewController.swift */; };
		E2644F13240C265500297865 /* Main.storyboard in Resources */ = {isa = PBXBuildFile; fileRef = E2644F11240C265500297865 /* Main.storyboard */; };
		E2644F15240C265600297865 /* Assets.xcassets in Resources */ = {isa = PBXBuildFile; fileRef = E2644F14240C265600297865 /* Assets.xcassets */; };
		E2644F18240C265600297865 /* LaunchScreen.storyboard in Resources */ = {isa = PBXBuildFile; fileRef = E2644F16240C265600297865 /* LaunchScreen.storyboard */; };
/* End PBXBuildFile section */

/* Begin PBXFileReference section */
		E2020196240C30B900D08D57 /* HeroListTableViewController.swift */ = {isa = PBXFileReference; lastKnownFileType = sourcecode.swift; path = HeroListTableViewController.swift; sourceTree = "<group>"; };
		E2020199240C32CF00D08D57 /* Hero.swift */ = {isa = PBXFileReference; lastKnownFileType = sourcecode.swift; path = Hero.swift; sourceTree = "<group>"; };
		E202019C240C4BC000D08D57 /* NetworkManager.swift */ = {isa = PBXFileReference; lastKnownFileType = sourcecode.swift; path = NetworkManager.swift; sourceTree = "<group>"; };
		E202019F240D3F8300D08D57 /* HeroCellPrototype.swift */ = {isa = PBXFileReference; lastKnownFileType = sourcecode.swift; path = HeroCellPrototype.swift; sourceTree = "<group>"; };
		E2644F08240C265500297865 /* HW2.10.app */ = {isa = PBXFileReference; explicitFileType = wrapper.application; includeInIndex = 0; path = HW2.10.app; sourceTree = BUILT_PRODUCTS_DIR; };
		E2644F0B240C265500297865 /* AppDelegate.swift */ = {isa = PBXFileReference; lastKnownFileType = sourcecode.swift; path = AppDelegate.swift; sourceTree = "<group>"; };
		E2644F0D240C265500297865 /* SceneDelegate.swift */ = {isa = PBXFileReference; lastKnownFileType = sourcecode.swift; path = SceneDelegate.swift; sourceTree = "<group>"; };
		E2644F0F240C265500297865 /* HeroInfoViewController.swift */ = {isa = PBXFileReference; lastKnownFileType = sourcecode.swift; path = HeroInfoViewController.swift; sourceTree = "<group>"; };
		E2644F12240C265500297865 /* Base */ = {isa = PBXFileReference; lastKnownFileType = file.storyboard; name = Base; path = Base.lproj/Main.storyboard; sourceTree = "<group>"; };
		E2644F14240C265600297865 /* Assets.xcassets */ = {isa = PBXFileReference; lastKnownFileType = folder.assetcatalog; path = Assets.xcassets; sourceTree = "<group>"; };
		E2644F17240C265600297865 /* Base */ = {isa = PBXFileReference; lastKnownFileType = file.storyboard; name = Base; path = Base.lproj/LaunchScreen.storyboard; sourceTree = "<group>"; };
		E2644F19240C265600297865 /* Info.plist */ = {isa = PBXFileReference; lastKnownFileType = text.plist.xml; path = Info.plist; sourceTree = "<group>"; };
/* End PBXFileReference section */

/* Begin PBXFrameworksBuildPhase section */
		E2644F05240C265500297865 /* Frameworks */ = {
			isa = PBXFrameworksBuildPhase;
			buildActionMask = 2147483647;
			files = (
			);
			runOnlyForDeploymentPostprocessing = 0;
		};
/* End PBXFrameworksBuildPhase section */

/* Begin PBXGroup section */
		E2020193240C2CB000D08D57 /* Supports */ = {
			isa = PBXGroup;
			children = (
				E2644F0B240C265500297865 /* AppDelegate.swift */,
				E2644F0D240C265500297865 /* SceneDelegate.swift */,
				E2644F19240C265600297865 /* Info.plist */,
			);
			path = Supports;
			sourceTree = "<group>";
		};
		E2020194240C2CBA00D08D57 /* View Controllers */ = {
			isa = PBXGroup;
			children = (
				E2644F0F240C265500297865 /* HeroInfoViewController.swift */,
				E2020196240C30B900D08D57 /* HeroListTableViewController.swift */,
			);
			path = "View Controllers";
			sourceTree = "<group>";
		};
		E2020195240C2CC900D08D57 /* Storyboards */ = {
			isa = PBXGroup;
			children = (
				E2644F11240C265500297865 /* Main.storyboard */,
				E2644F16240C265600297865 /* LaunchScreen.storyboard */,
			);
			path = Storyboards;
			sourceTree = "<group>";
		};
		E2020198240C32A900D08D57 /* Models */ = {
			isa = PBXGroup;
			children = (
				E2020199240C32CF00D08D57 /* Hero.swift */,
			);
			path = Models;
			sourceTree = "<group>";
		};
		E202019B240C4B8F00D08D57 /* Network */ = {
			isa = PBXGroup;
			children = (
				E202019C240C4BC000D08D57 /* NetworkManager.swift */,
			);
			path = Network;
			sourceTree = "<group>";
		};
		E202019E240D3F4600D08D57 /* Prototypes */ = {
			isa = PBXGroup;
			children = (
				E202019F240D3F8300D08D57 /* HeroCellPrototype.swift */,
			);
			path = Prototypes;
			sourceTree = "<group>";
		};
		E2644EFF240C265500297865 = {
			isa = PBXGroup;
			children = (
				E2644F0A240C265500297865 /* HW2.10 */,
				E2644F09240C265500297865 /* Products */,
			);
			sourceTree = "<group>";
		};
		E2644F09240C265500297865 /* Products */ = {
			isa = PBXGroup;
			children = (
				E2644F08240C265500297865 /* HW2.10.app */,
			);
			name = Products;
			sourceTree = "<group>";
		};
		E2644F0A240C265500297865 /* HW2.10 */ = {
			isa = PBXGroup;
			children = (
				E202019E240D3F4600D08D57 /* Prototypes */,
				E2020198240C32A900D08D57 /* Models */,
				E2020194240C2CBA00D08D57 /* View Controllers */,
				E2020195240C2CC900D08D57 /* Storyboards */,
				E202019B240C4B8F00D08D57 /* Network */,
				E2020193240C2CB000D08D57 /* Supports */,
				E2644F14240C265600297865 /* Assets.xcassets */,
			);
			path = HW2.10;
			sourceTree = "<group>";
		};
/* End PBXGroup section */

/* Begin PBXNativeTarget section */
		E2644F07240C265500297865 /* HW2.10 */ = {
			isa = PBXNativeTarget;
			buildConfigurationList = E2644F1C240C265600297865 /* Build configuration list for PBXNativeTarget "HW2.10" */;
			buildPhases = (
				E2644F04240C265500297865 /* Sources */,
				E2644F05240C265500297865 /* Frameworks */,
				E2644F06240C265500297865 /* Resources */,
			);
			buildRules = (
			);
			dependencies = (
			);
			name = HW2.10;
			productName = HW2.10;
			productReference = E2644F08240C265500297865 /* HW2.10.app */;
			productType = "com.apple.product-type.application";
		};
/* End PBXNativeTarget section */

/* Begin PBXProject section */
		E2644F00240C265500297865 /* Project object */ = {
			isa = PBXProject;
			attributes = {
				LastSwiftUpdateCheck = 1130;
				LastUpgradeCheck = 1130;
				ORGANIZATIONNAME = "Valeria Khristinina";
				TargetAttributes = {
					E2644F07240C265500297865 = {
						CreatedOnToolsVersion = 11.3.1;
					};
				};
			};
			buildConfigurationList = E2644F03240C265500297865 /* Build configuration list for PBXProject "HW2.10" */;
			compatibilityVersion = "Xcode 9.3";
			developmentRegion = en;
			hasScannedForEncodings = 0;
			knownRegions = (
				en,
				Base,
			);
			mainGroup = E2644EFF240C265500297865;
			productRefGroup = E2644F09240C265500297865 /* Products */;
			projectDirPath = "";
			projectRoot = "";
			targets = (
				E2644F07240C265500297865 /* HW2.10 */,
			);
		};
/* End PBXProject section */

/* Begin PBXResourcesBuildPhase section */
		E2644F06240C265500297865 /* Resources */ = {
			isa = PBXResourcesBuildPhase;
			buildActionMask = 2147483647;
			files = (
				E2644F18240C265600297865 /* LaunchScreen.storyboard in Resources */,
				E2644F15240C265600297865 /* Assets.xcassets in Resources */,
				E2644F13240C265500297865 /* Main.storyboard in Resources */,
			);
			runOnlyForDeploymentPostprocessing = 0;
		};
/* End PBXResourcesBuildPhase section */

/* Begin PBXSourcesBuildPhase section */
		E2644F04240C265500297865 /* Sources */ = {
			isa = PBXSourcesBuildPhase;
			buildActionMask = 2147483647;
			files = (
				E202019D240C4BC000D08D57 /* NetworkManager.swift in Sources */,
				E2644F10240C265500297865 /* HeroInfoViewController.swift in Sources */,
				E2644F0C240C265500297865 /* AppDelegate.swift in Sources */,
				E2644F0E240C265500297865 /* SceneDelegate.swift in Sources */,
				E20201A0240D3F8300D08D57 /* HeroCellPrototype.swift in Sources */,
				E202019A240C32CF00D08D57 /* Hero.swift in Sources */,
				E2020197240C30B900D08D57 /* HeroListTableViewController.swift in Sources */,
			);
			runOnlyForDeploymentPostprocessing = 0;
		};
/* End PBXSourcesBuildPhase section */

/* Begin PBXVariantGroup section */
		E2644F11240C265500297865 /* Main.storyboard */ = {
			isa = PBXVariantGroup;
			children = (
				E2644F12240C265500297865 /* Base */,
			);
			name = Main.storyboard;
			sourceTree = "<group>";
		};
		E2644F16240C265600297865 /* LaunchScreen.storyboard */ = {
			isa = PBXVariantGroup;
			children = (
				E2644F17240C265600297865 /* Base */,
			);
			name = LaunchScreen.storyboard;
			sourceTree = "<group>";
		};
/* End PBXVariantGroup section */

/* Begin XCBuildConfiguration section */
		E2644F1A240C265600297865 /* Debug */ = {
			isa = XCBuildConfiguration;
			buildSettings = {
				ALWAYS_SEARCH_USER_PATHS = NO;
				CLANG_ANALYZER_NONNULL = YES;
				CLANG_ANALYZER_NUMBER_OBJECT_CONVERSION = YES_AGGRESSIVE;
				CLANG_CXX_LANGUAGE_STANDARD = "gnu++14";
				CLANG_CXX_LIBRARY = "libc++";
				CLANG_ENABLE_MODULES = YES;
				CLANG_ENABLE_OBJC_ARC = YES;
				CLANG_ENABLE_OBJC_WEAK = YES;
				CLANG_WARN_BLOCK_CAPTURE_AUTORELEASING = YES;
				CLANG_WARN_BOOL_CONVERSION = YES;
				CLANG_WARN_COMMA = YES;
				CLANG_WARN_CONSTANT_CONVERSION = YES;
				CLANG_WARN_DEPRECATED_OBJC_IMPLEMENTATIONS = YES;
				CLANG_WARN_DIRECT_OBJC_ISA_USAGE = YES_ERROR;
				CLANG_WARN_DOCUMENTATION_COMMENTS = YES;
				CLANG_WARN_EMPTY_BODY = YES;
				CLANG_WARN_ENUM_CONVERSION = YES;
				CLANG_WARN_INFINITE_RECURSION = YES;
				CLANG_WARN_INT_CONVERSION = YES;
				CLANG_WARN_NON_LITERAL_NULL_CONVERSION = YES;
				CLANG_WARN_OBJC_IMPLICIT_RETAIN_SELF = YES;
				CLANG_WARN_OBJC_LITERAL_CONVERSION = YES;
				CLANG_WARN_OBJC_ROOT_CLASS = YES_ERROR;
				CLANG_WARN_RANGE_LOOP_ANALYSIS = YES;
				CLANG_WARN_STRICT_PROTOTYPES = YES;
				CLANG_WARN_SUSPICIOUS_MOVE = YES;
				CLANG_WARN_UNGUARDED_AVAILABILITY = YES_AGGRESSIVE;
				CLANG_WARN_UNREACHABLE_CODE = YES;
				CLANG_WARN__DUPLICATE_METHOD_MATCH = YES;
				COPY_PHASE_STRIP = NO;
				DEBUG_INFORMATION_FORMAT = dwarf;
				ENABLE_STRICT_OBJC_MSGSEND = YES;
				ENABLE_TESTABILITY = YES;
				GCC_C_LANGUAGE_STANDARD = gnu11;
				GCC_DYNAMIC_NO_PIC = NO;
				GCC_NO_COMMON_BLOCKS = YES;
				GCC_OPTIMIZATION_LEVEL = 0;
				GCC_PREPROCESSOR_DEFINITIONS = (
					"DEBUG=1",
					"$(inherited)",
				);
				GCC_WARN_64_TO_32_BIT_CONVERSION = YES;
				GCC_WARN_ABOUT_RETURN_TYPE = YES_ERROR;
				GCC_WARN_UNDECLARED_SELECTOR = YES;
				GCC_WARN_UNINITIALIZED_AUTOS = YES_AGGRESSIVE;
				GCC_WARN_UNUSED_FUNCTION = YES;
				GCC_WARN_UNUSED_VARIABLE = YES;
				IPHONEOS_DEPLOYMENT_TARGET = 13.2;
				MTL_ENABLE_DEBUG_INFO = INCLUDE_SOURCE;
				MTL_FAST_MATH = YES;
				ONLY_ACTIVE_ARCH = YES;
				SDKROOT = iphoneos;
				SWIFT_ACTIVE_COMPILATION_CONDITIONS = DEBUG;
				SWIFT_OPTIMIZATION_LEVEL = "-Onone";
			};
			name = Debug;
		};
		E2644F1B240C265600297865 /* Release */ = {
			isa = XCBuildConfiguration;
			buildSettings = {
				ALWAYS_SEARCH_USER_PATHS = NO;
				CLANG_ANALYZER_NONNULL = YES;
				CLANG_ANALYZER_NUMBER_OBJECT_CONVERSION = YES_AGGRESSIVE;
				CLANG_CXX_LANGUAGE_STANDARD = "gnu++14";
				CLANG_CXX_LIBRARY = "libc++";
				CLANG_ENABLE_MODULES = YES;
				CLANG_ENABLE_OBJC_ARC = YES;
				CLANG_ENABLE_OBJC_WEAK = YES;
				CLANG_WARN_BLOCK_CAPTURE_AUTORELEASING = YES;
				CLANG_WARN_BOOL_CONVERSION = YES;
				CLANG_WARN_COMMA = YES;
				CLANG_WARN_CONSTANT_CONVERSION = YES;
				CLANG_WARN_DEPRECATED_OBJC_IMPLEMENTATIONS = YES;
				CLANG_WARN_DIRECT_OBJC_ISA_USAGE = YES_ERROR;
				CLANG_WARN_DOCUMENTATION_COMMENTS = YES;
				CLANG_WARN_EMPTY_BODY = YES;
				CLANG_WARN_ENUM_CONVERSION = YES;
				CLANG_WARN_INFINITE_RECURSION = YES;
				CLANG_WARN_INT_CONVERSION = YES;
				CLANG_WARN_NON_LITERAL_NULL_CONVERSION = YES;
				CLANG_WARN_OBJC_IMPLICIT_RETAIN_SELF = YES;
				CLANG_WARN_OBJC_LITERAL_CONVERSION = YES;
				CLANG_WARN_OBJC_ROOT_CLASS = YES_ERROR;
				CLANG_WARN_RANGE_LOOP_ANALYSIS = YES;
				CLANG_WARN_STRICT_PROTOTYPES = YES;
				CLANG_WARN_SUSPICIOUS_MOVE = YES;
				CLANG_WARN_UNGUARDED_AVAILABILITY = YES_AGGRESSIVE;
				CLANG_WARN_UNREACHABLE_CODE = YES;
				CLANG_WARN__DUPLICATE_METHOD_MATCH = YES;
				COPY_PHASE_STRIP = NO;
				DEBUG_INFORMATION_FORMAT = "dwarf-with-dsym";
				ENABLE_NS_ASSERTIONS = NO;
				ENABLE_STRICT_OBJC_MSGSEND = YES;
				GCC_C_LANGUAGE_STANDARD = gnu11;
				GCC_NO_COMMON_BLOCKS = YES;
				GCC_WARN_64_TO_32_BIT_CONVERSION = YES;
				GCC_WARN_ABOUT_RETURN_TYPE = YES_ERROR;
				GCC_WARN_UNDECLARED_SELECTOR = YES;
				GCC_WARN_UNINITIALIZED_AUTOS = YES_AGGRESSIVE;
				GCC_WARN_UNUSED_FUNCTION = YES;
				GCC_WARN_UNUSED_VARIABLE = YES;
				IPHONEOS_DEPLOYMENT_TARGET = 13.2;
				MTL_ENABLE_DEBUG_INFO = NO;
				MTL_FAST_MATH = YES;
				SDKROOT = iphoneos;
				SWIFT_COMPILATION_MODE = wholemodule;
				SWIFT_OPTIMIZATION_LEVEL = "-O";
				VALIDATE_PRODUCT = YES;
			};
			name = Release;
		};
		E2644F1D240C265600297865 /* Debug */ = {
			isa = XCBuildConfiguration;
			buildSettings = {
				ASSETCATALOG_COMPILER_APPICON_NAME = AppIcon;
				CODE_SIGN_STYLE = Automatic;
				DEVELOPMENT_TEAM = Y63NW9CJ4L;
				INFOPLIST_FILE = HW2.10/Supports/Info.plist;
				IPHONEOS_DEPLOYMENT_TARGET = 13.0;
				LD_RUNPATH_SEARCH_PATHS = (
					"$(inherited)",
					"@executable_path/Frameworks",
				);
				PRODUCT_BUNDLE_IDENTIFIER = "ru.vkhristinina.HW2-10";
				PRODUCT_NAME = "$(TARGET_NAME)";
				SWIFT_VERSION = 5.0;
				TARGETED_DEVICE_FAMILY = 1;
			};
			name = Debug;
		};
		E2644F1E240C265600297865 /* Release */ = {
			isa = XCBuildConfiguration;
			buildSettings = {
				ASSETCATALOG_COMPILER_APPICON_NAME = AppIcon;
				CODE_SIGN_STYLE = Automatic;
				DEVELOPMENT_TEAM = Y63NW9CJ4L;
				INFOPLIST_FILE = HW2.10/Supports/Info.plist;
				IPHONEOS_DEPLOYMENT_TARGET = 13.0;
				LD_RUNPATH_SEARCH_PATHS = (
					"$(inherited)",
					"@executable_path/Frameworks",
				);
				PRODUCT_BUNDLE_IDENTIFIER = "ru.vkhristinina.HW2-10";
				PRODUCT_NAME = "$(TARGET_NAME)";
				SWIFT_VERSION = 5.0;
				TARGETED_DEVICE_FAMILY = 1;
			};
			name = Release;
		};
/* End XCBuildConfiguration section */

/* Begin XCConfigurationList section */
		E2644F03240C265500297865 /* Build configuration list for PBXProject "HW2.10" */ = {
			isa = XCConfigurationList;
			buildConfigurations = (
				E2644F1A240C265600297865 /* Debug */,
				E2644F1B240C265600297865 /* Release */,
			);
			defaultConfigurationIsVisible = 0;
			defaultConfigurationName = Release;
		};
		E2644F1C240C265600297865 /* Build configuration list for PBXNativeTarget "HW2.10" */ = {
			isa = XCConfigurationList;
			buildConfigurations = (
				E2644F1D240C265600297865 /* Debug */,
				E2644F1E240C265600297865 /* Release */,
			);
			defaultConfigurationIsVisible = 0;
			defaultConfigurationName = Release;
		};
/* End XCConfigurationList section */
	};
	rootObject = E2644F00240C265500297865 /* Project object */;
}
